
Microsoft Visual Studio Solution File, Format Version 12.00
# Visual Studio Version 17
VisualStudioVersion = 17.2.32516.85
MinimumVisualStudioVersion = 10.0.40219.1
Project("{FAE04EC0-301F-11D3-BF4B-00C04F79EFBC}") = "Projeto - Revisão", "Projeto - Revisão\Projeto - Revisão.csproj", "{19A9838F-6554-4B8F-A184-37A8DEC9BFA5}"
EndProject
Global
	GlobalSection(SolutionConfigurationPlatforms) = preSolution
		Debug|Any CPU = Debug|Any CPU
		Release|Any CPU = Release|Any CPU
	EndGlobalSection
	GlobalSection(ProjectConfigurationPlatforms) = postSolution
		{19A9838F-6554-4B8F-A184-37A8DEC9BFA5}.Debug|Any CPU.ActiveCfg = Debug|Any CPU
		{19A9838F-6554-4B8F-A184-37A8DEC9BFA5}.Debug|Any CPU.Build.0 = Debug|Any CPU
		{19A9838F-6554-4B8F-A184-37A8DEC9BFA5}.Release|Any CPU.ActiveCfg = Release|Any CPU
		{19A9838F-6554-4B8F-A184-37A8DEC9BFA5}.Release|Any CPU.Build.0 = Release|Any CPU
	EndGlobalSection
	GlobalSection(SolutionProperties) = preSolution
		HideSolutionNode = FALSE
	EndGlobalSection
	GlobalSection(ExtensibilityGlobals) = postSolution
		SolutionGuid = {305EFD6F-7FD0-4321-9C2E-F36BC1BB61CF}
	EndGlobalSection
EndGlobal
